
Microsoft Visual Studio Solution File, Format Version 12.00
# Visual Studio Version 16
VisualStudioVersion = 16.0.29911.84
MinimumVisualStudioVersion = 10.0.40219.1
Project("{F184B08F-C81C-45F6-A57F-5ABD9991F28F}") = "LibraryManager", "LibraryManager\LibraryManager.vbproj", "{B47A4353-66C6-4C68-A7D9-E6896A08A118}"
	ProjectSection(ProjectDependencies) = postProject
		{BF0BA33A-A03B-41F3-8194-6C67EE4F1475} = {BF0BA33A-A03B-41F3-8194-6C67EE4F1475}
		{B2EC9AD6-C209-47B8-B097-F672C15FEBDA} = {B2EC9AD6-C209-47B8-B097-F672C15FEBDA}
	EndProjectSection
EndProject
Project("{778DAE3C-4631-46EA-AA77-85C1314464D9}") = "LibraryData", "LibraryData\LibraryData.vbproj", "{BF0BA33A-A03B-41F3-8194-6C67EE4F1475}"
EndProject
Project("{778DAE3C-4631-46EA-AA77-85C1314464D9}") = "LibraryQuery", "LibraryQuery\LibraryQuery.vbproj", "{B2EC9AD6-C209-47B8-B097-F672C15FEBDA}"
EndProject
Project("{54435603-DBB4-11D2-8724-00A0C9A8B90C}") = "LibraryManagerInstaller", "LibraryManagerInstaller\LibraryManagerInstaller.vdproj", "{9CDD8EB5-80C8-4669-92EC-E892DE3F78F9}"
EndProject
Global
	GlobalSection(SolutionConfigurationPlatforms) = preSolution
		Debug|Any CPU = Debug|Any CPU
		Debug|x86 = Debug|x86
		Release|Any CPU = Release|Any CPU
		Release|x86 = Release|x86
	EndGlobalSection
	GlobalSection(ProjectConfigurationPlatforms) = postSolution
		{B47A4353-66C6-4C68-A7D9-E6896A08A118}.Debug|Any CPU.ActiveCfg = Debug|Any CPU
		{B47A4353-66C6-4C68-A7D9-E6896A08A118}.Debug|Any CPU.Build.0 = Debug|Any CPU
		{B47A4353-66C6-4C68-A7D9-E6896A08A118}.Debug|x86.ActiveCfg = Debug|x86
		{B47A4353-66C6-4C68-A7D9-E6896A08A118}.Debug|x86.Build.0 = Debug|x86
		{B47A4353-66C6-4C68-A7D9-E6896A08A118}.Release|Any CPU.ActiveCfg = Release|Any CPU
		{B47A4353-66C6-4C68-A7D9-E6896A08A118}.Release|Any CPU.Build.0 = Release|Any CPU
		{B47A4353-66C6-4C68-A7D9-E6896A08A118}.Release|x86.ActiveCfg = Release|x86
		{B47A4353-66C6-4C68-A7D9-E6896A08A118}.Release|x86.Build.0 = Release|x86
		{BF0BA33A-A03B-41F3-8194-6C67EE4F1475}.Debug|Any CPU.ActiveCfg = Debug|Any CPU
		{BF0BA33A-A03B-41F3-8194-6C67EE4F1475}.Debug|Any CPU.Build.0 = Debug|Any CPU
		{BF0BA33A-A03B-41F3-8194-6C67EE4F1475}.Debug|x86.ActiveCfg = Debug|Any CPU
		{BF0BA33A-A03B-41F3-8194-6C67EE4F1475}.Debug|x86.Build.0 = Debug|Any CPU
		{BF0BA33A-A03B-41F3-8194-6C67EE4F1475}.Release|Any CPU.ActiveCfg = Release|Any CPU
		{BF0BA33A-A03B-41F3-8194-6C67EE4F1475}.Release|Any CPU.Build.0 = Release|Any CPU
		{BF0BA33A-A03B-41F3-8194-6C67EE4F1475}.Release|x86.ActiveCfg = Release|Any CPU
		{BF0BA33A-A03B-41F3-8194-6C67EE4F1475}.Release|x86.Build.0 = Release|Any CPU
		{B2EC9AD6-C209-47B8-B097-F672C15FEBDA}.Debug|Any CPU.ActiveCfg = Debug|Any CPU
		{B2EC9AD6-C209-47B8-B097-F672C15FEBDA}.Debug|Any CPU.Build.0 = Debug|Any CPU
		{B2EC9AD6-C209-47B8-B097-F672C15FEBDA}.Debug|x86.ActiveCfg = Debug|Any CPU
		{B2EC9AD6-C209-47B8-B097-F672C15FEBDA}.Debug|x86.Build.0 = Debug|Any CPU
		{B2EC9AD6-C209-47B8-B097-F672C15FEBDA}.Release|Any CPU.ActiveCfg = Release|Any CPU
		{B2EC9AD6-C209-47B8-B097-F672C15FEBDA}.Release|Any CPU.Build.0 = Release|Any CPU
		{B2EC9AD6-C209-47B8-B097-F672C15FEBDA}.Release|x86.ActiveCfg = Release|Any CPU
		{B2EC9AD6-C209-47B8-B097-F672C15FEBDA}.Release|x86.Build.0 = Release|Any CPU
		{9CDD8EB5-80C8-4669-92EC-E892DE3F78F9}.Debug|Any CPU.ActiveCfg = Debug
		{9CDD8EB5-80C8-4669-92EC-E892DE3F78F9}.Debug|x86.ActiveCfg = Debug
		{9CDD8EB5-80C8-4669-92EC-E892DE3F78F9}.Release|Any CPU.ActiveCfg = Release
		{9CDD8EB5-80C8-4669-92EC-E892DE3F78F9}.Release|x86.ActiveCfg = Release
	EndGlobalSection
	GlobalSection(SolutionProperties) = preSolution
		HideSolutionNode = FALSE
	EndGlobalSection
	GlobalSection(ExtensibilityGlobals) = postSolution
		SolutionGuid = {4B2F8A78-5643-483E-9D3F-3C9F155A4A44}
	EndGlobalSection
EndGlobal
