
Microsoft Visual Studio Solution File, Format Version 12.00
# Visual Studio Version 16
VisualStudioVersion = 16.0.29806.167
MinimumVisualStudioVersion = 10.0.40219.1
Project("{F184B08F-C81C-45F6-A57F-5ABD9991F28F}") = "LibraryManager", "LibraryManager\LibraryManager.vbproj", "{6A24D570-73EF-401D-9A8B-60ADF7468B77}"
EndProject
Global
	GlobalSection(SolutionConfigurationPlatforms) = preSolution
		Debug|Any CPU = Debug|Any CPU
		Release|Any CPU = Release|Any CPU
	EndGlobalSection
	GlobalSection(ProjectConfigurationPlatforms) = postSolution
		{6A24D570-73EF-401D-9A8B-60ADF7468B77}.Debug|Any CPU.ActiveCfg = Debug|Any CPU
		{6A24D570-73EF-401D-9A8B-60ADF7468B77}.Debug|Any CPU.Build.0 = Debug|Any CPU
		{6A24D570-73EF-401D-9A8B-60ADF7468B77}.Release|Any CPU.ActiveCfg = Release|Any CPU
		{6A24D570-73EF-401D-9A8B-60ADF7468B77}.Release|Any CPU.Build.0 = Release|Any CPU
	EndGlobalSection
	GlobalSection(SolutionProperties) = preSolution
		HideSolutionNode = FALSE
	EndGlobalSection
	GlobalSection(ExtensibilityGlobals) = postSolution
		SolutionGuid = {FE59921D-6225-4108-A4B2-37386AA06559}
	EndGlobalSection
EndGlobal
